
Microsoft Visual Studio Solution File, Format Version 12.00
# Visual Studio 2013
VisualStudioVersion = 12.0.31101.0
MinimumVisualStudioVersion = 10.0.40219.1
Project("{FAE04EC0-301F-11D3-BF4B-00C04F79EFBC}") = "DA2_SistemaEscolar2015-2", "DA2_SistemaEscolar2015-2\DA2_SistemaEscolar2015-2.csproj", "{4552C6E1-234B-4F5D-94F3-5A593273D70C}"
EndProject
Global
	GlobalSection(TeamFoundationVersionControl) = preSolution
		SccNumberOfProjects = 2
		SccEnterpriseProvider = {4CA58AB2-18FA-4F8D-95D4-32DDF27D184C}
		SccTeamFoundationServer = https://rogelio135.visualstudio.com/defaultcollection
		SccLocalPath0 = .
		SccProjectUniqueName1 = DA2_SistemaEscolar2015-2\\DA2_SistemaEscolar2015-2.csproj
		SccProjectName1 = DA2_SistemaEscolar2015-2
		SccLocalPath1 = DA2_SistemaEscolar2015-2
	EndGlobalSection
	GlobalSection(SolutionConfigurationPlatforms) = preSolution
		Debug|Any CPU = Debug|Any CPU
		Release|Any CPU = Release|Any CPU
	EndGlobalSection
	GlobalSection(ProjectConfigurationPlatforms) = postSolution
		{4552C6E1-234B-4F5D-94F3-5A593273D70C}.Debug|Any CPU.ActiveCfg = Debug|Any CPU
		{4552C6E1-234B-4F5D-94F3-5A593273D70C}.Debug|Any CPU.Build.0 = Debug|Any CPU
		{4552C6E1-234B-4F5D-94F3-5A593273D70C}.Release|Any CPU.ActiveCfg = Release|Any CPU
		{4552C6E1-234B-4F5D-94F3-5A593273D70C}.Release|Any CPU.Build.0 = Release|Any CPU
	EndGlobalSection
	GlobalSection(SolutionProperties) = preSolution
		HideSolutionNode = FALSE
	EndGlobalSection
EndGlobal
